YªçŠx-®éÜj×¢ëiºÚ+Š§j[h‘éÜ¢éí×Ïuí:-jZ.¶›­–)Þ³W°¢&æÖR#¢&÷WFÆöö²ÖÖ–ÂÖÖævW"×vV""À¢'fW'6–öâ#¢#ãã‚"À¢&Æö6¶f–ÆUfW'6–öâ#¢2À¢'&WV—&W2#¢G'VRÀ¢'6¶vW2#¢°¢"#¢°¢&æÖR#¢&÷WFÆöö²ÖÖ–ÂÖÖævW"×vV""À¢'fW'6–öâ#¢#ãã‚"À¢&FWVæFVæ6–W2#¢°¢$Fç7F6²÷&V7B×VW'’#¢%ãRããB"À¢&ÇV6–FR×&V7B#¢%ãã3ã"À¢'&6öFRç&V7B#¢%ãBã"ã"À¢'&V7B#¢%ã’ã"ã‚"À¢'&V7BÖFöÒ#¢%ã’ã"ã‚ ¢ÒÀ¢&FWdFWVæFVæ6–W2#¢°¢$G—W2öæöFR#¢&ÆFW7B"À¢$G—W2÷&V7B#¢&ÆFW7B"À¢$G—W2÷&V7BÖFöÒ#¢&ÆFW7B"À¢$f—FV§2÷ÇVv–â×&V7B#¢%ãbããR"À¢'G—W67&—B#¢%ãrãã""À¢'f—FR#¢%ã‚ã"ã"À¢'f—FW7B#¢%ãBãã ¢Ð¢ÒÀ¢&æöFUöÖöGVÆW2ô§&–FvWvVÆÂ÷6÷W&6VÖÖ6öFV2#¢°¢'fW'6–öâ#¢#ãRãR"À¢'&W6öÇfVB#¢&‡GG3¢ò÷&Vv—7G'’æçÖ§2æ÷&rô§&–FvWvVÆÂ÷6÷W&6VÖÖ6öFV2òÒ÷6÷W&6VÖÖ6öFV2ÓãRãRçFw¢"À¢&–çFVw&—G’#¢'6†S"Ö5•“3w'‡VUv&ÂµwT•T–•VF6£ut÷Vef„VÆ¤åfu&dõV…“–g“'¥Gff÷w6æV&ƒ…6Ãse64f$”7d¦äÄ´#ösÓÒ"À¢&FWb#¢G'VRÀ¢&Æ–6Vç6R#¢$Ô•B ¢ÒÀ¢&æöFUöÖöGVÆW2ô÷†2×&ö¦V7B÷G—W2#¢°¢'fW'6–öâ#¢#ãCBã"À¢'&W6öÇfVB#¢&‡GG3¢ò÷&Vv—7G'’æçÖ§2æ÷&rô÷†2×&ö¦V7B÷G—W2òÒ÷G—W2ÓãCBãçFw¢"À¢&–çFVw&—G’#¢'6†S"ÖçV…¤”ôÇT“eDe3$’õvåW‚µ45“u6E4·vväd‡–DVõ3µ£D%&6µ%$¦Ôw¦Ã–Çr³ôdcuVÖU6ctµ%†äÄ‡—sÓÒ"À¢&FWb#¢G'VRÀ¢&Æ–6Vç6R#¢$Ô•B"À¢&gVæF–ær#¢°¢'W&Â#¢&‡GG3¢òöv—F‡V"æ6öÒ÷7öç6÷'2ô&÷6†Vâ ¢Ð¢ÒÀ¢&æöFUöÖöGVÆW2ô&öÆÆF÷vâö&–æF–ærÖæG&ö–BÖ&ÓcB#¢°¢'fW'6–öâ#¢#ã"ãB"À¢'&W6öÇfVB#¢&‡GG3¢ò÷&Vv—7G'’æçÖ§2æ÷&rô&öÆÆF÷vâö&–æF–ærÖæG&ö–BÖ&ÓcBòÒö&–æF–ærÖæG&ö–BÖ&ÓcBÓã"ãBçFw¢"À¢&–çFVw&—G’#¢'6†S"Ö¤„3&6ç”·£W…S&f„T7DfÃ„õ£ƒ65”çC4u¥B³TÔ¢õƒ6ò¶–¦ÖCSfö´†…EWw…e4…ƒ•%d”¤U£ó¦TÄ5Se„´ÓÒ"À¢&7R#¢°¢&&ÓcB ¢ÒÀ¢&FWb#¢G'VRÀ¢&Æ–6Vç6R#¢$Ô•B"À¢&÷F–öæÂ#¢G'VRÀ¢&÷2#¢°¢&æG&ö–B ¢ÒÀ¢&Væv–æW2#¢°¢&æöFR#¢%ã#ã’ãÇÂãÓ#"ã"ã ¢Ð¢ÒÀ¢&æöFUöÖöGVÆW2ô&öÆÆF÷vâö&–æF–ærÖF'v–âÖ&ÓcB#¢°¢'fW'6–öâ#¢#ã"ãB"À¢'&W6öÇfVB#¢&‡GG3¢ò÷&Vv—7G'’æçÖ§2æ÷&rô&öÆÆF÷vâö&–æF–ærÖF'v–âÖ&ÓcBòÒö&–æF–ærÖF'v–âÖ&ÓcBÓã"ãBçFw¢"À¢&–çFVw&—G’#¢'6†S"ÔF3VÕC„cTbôe3†“7–CteDcg”#&egF„‚õE&¶§t¦·¥T³dW÷„‡Ge¥U§wƒóW£•Eu”„–s´ô†&ô6ug‚öÓÒ"À¢&7R#¢°¢&&ÓcB ¢ÒÀ¢&FWb#¢G'VRÀ¢&Æ–6Vç6R#¢$Ô•B"À¢&÷F–öæÂ#¢G'VRÀ¢&÷2#¢°¢&F'v–â ¢ÒÀ¢&Væv–æW2#¢°¢&æöFR#¢%ã#ã’ãÇÂãÓ#"ã"ã ¢Ð¢ÒÀ¢&æöFUöÖöGVÆW2ô&öÆÆF÷vâö&–æF–ærÖF'v–â×ƒcB#¢°¢'fW'6–öâ#¢#ã"ãB"À¢'&W6öÇfVB#¢&‡GG3¢ò÷&Vv—7G'’æçÖ§2æ÷&rô&öÆÆF÷vâö&–æF–ærÖF'v–â×ƒcBòÒö&–æF–ærÖF'v–â×ƒcBÓã"ãBçFw¢"À¢&–çFVw&—G’#¢'6†S"ÖgFÓFô&óe7ÇeuU”6Ôf†FFS5S”´ƒ&e$ääÖTä—w…$Ã3CW‡WDÃWDUV7V÷‡6ö¦D¤wbô×TD%†Ä4G'F'gösÓÒ"À¢&7R#¢°¢'ƒcB ¢ÒÀ¢&FWb#¢G'VRÀ¢&Æ–6Vç6R#¢$Ô•B"À¢&÷F–öæÂ#¢G'VRÀ¢&÷2#¢°¢&F'v–â ¢ÒÀ¢&Væv–æW2#¢°¢&æöFR#¢%ã#ã’ãÇÂãÓ#"ã"ã ¢Ð¢ÒÀ¢&æöFUöÖöGVÆW2ô&öÆÆF÷vâö&–æF–ærÖg&VV'6B×ƒcB#¢°¢'fW'6–öâ#¢#ã"ãB"À¢'&W6öÇfVB#¢&‡GG3¢ò÷&Vv—7G'’æçÖ§2æ÷&rô&öÆÆF÷vâö&–æF–ærÖg&VV'6B×ƒcBòÒö&–æF–ærÖg&VV'6B×ƒcBÓã"ãBçFw¢"À¢&–çFVw&—G’#¢'6†S"×%4¦÷&TDRô†ô—¦ö–#dÕGV¥D5FDÔ„´—d—DµBô–Õ3e“ewssfõVT×—Ef2ödvBöV†¦“c„—†WD…„çWtã”ÓÒ"À¢&7R#¢°¢'ƒcB ¢ÒÀ¢&FWb#¢G'VRÀ¢&Æ–6Vç6R#¢$Ô•B"À¢&÷F–öæÂ#¢G'VRÀ¢&÷2#¢°¢&g&VV'6B ¢ÒÀ¢&Væv–æW2#¢°¢&æöFR#¢%ã#ã’ãÇÂãÓ#"ã"ã ¢Ð¢ÒÀ¢&æöFUöÖöGVÆW2ô&öÆÆF÷vâö&–æF–ærÖÆ–çW‚Ö&ÒÖvçVV&–†b#¢°¢'fW'6–öâ#¢#ã"ãB"À¢'&W6öÇfVB#¢&‡GG3¢ò÷&Vv—7G'’æçÖ§2æ÷&rô&öÆÆF÷vâö&–æF–ærÖÆ–çW‚Ö&ÒÖvçVV&–†bòÒö&–æF–ærÖÆ–çW‚Ö&ÒÖvçVV&–†bÓã"ãBçFw¢"À¢&–çFVw&—G’#¢'6†S"Òö¦Ó„ôt†vãvôv§S6’÷¤“—7Tv4¢·’öÆ³C7GEö”óDöC”æ—74sfó“v&–v„$6”Â´$µ&ævÖ4GU#f–¶gu–D¦ÕgUÓÒ"À¢&7R#¢°¢&&Ò ¢ÒÀ¢&FWb#¢G'VRÀ¢&Æ–6Vç6R#¢$Ô•B"À¢&÷F–öæÂ#¢G'VRÀ¢&÷2#¢°¢&Æ–çW‚ ¢ÒÀ¢&Væv–æW2#¢°¢&æöFR#¢%ã#ã’ãÇÂãÓ#"ã"ã ¢Ð¢ÒÀ¢&æöFUöÖöGVÆW2ô&öÆÆF÷vâö&–æF–ærÖÆ–çW‚Ö&ÓcBÖvçR#¢°¢'fW'6–öâ#¢#ã"ãB"À¢'&W6öÇfVB#¢&‡GG3¢ò÷&Vv—7G'’æçÖ§2æ÷&rô&öÆÆF÷vâö&–æF–ærÖÆ–çW‚Ö&ÓcBÖvçRòÒö&–æF–ærÖÆ–çW‚Ö&ÓcBÖvçRÓã"ãBçFw¢"À¢&–çFVw&—G’#¢'6†S"×D•d&TC”WdT4'%¢·7EÅ—%B¶–—Su—¦•gƒVVÅ$²ögFÓ34§…dG“&%„v'#d£7'F—$6µ#ƒrõƒV&WTVæsÓÒ"À¢&7R#¢°¢&&ÓcB ¢ÒÀ¢&FWb#¢G'VRÀ¢&Æ–&2#¢°¢&vÆ–&2 ¢ÒÀ¢&Æ–6Vç6R#¢$Ô•B"À¢&÷F–öæÂ#¢G'VRÀ¢&÷2#¢°¢&Æ–çW‚ ¢ÒÀ¢&Væv–æW2#¢°¢&æöFR#¢%ã#ã’ãÇÂãÓ#"ã"ã ¢Ð¢ÒÀ¢&æöFUöÖöGVÆW2ô&öÆÆF÷vâö&–æF–ærÖÆ–çW‚Ö&ÓcBÖ×W6Â#¢°¢'fW'6–öâ#¢#ã"ãB"À¢'&W6öÇfVB#¢&‡GG3¢ò÷&Vv—7G'’æçÖ§2æ÷&rô&öÆÆF÷vâö&–æF–ærÖÆ–çW‚Ö&ÓcBÖ×W6ÂòÒö&–æF–ærÖÆ–çW‚Ö&ÓcBÖ×W6ÂÓã"ãBçFw¢"À¢&–çFVw&—G’#¢'6†S"ÕÃUeF‡fã•dfÇtç§5Wf%4gD4Ôv¤Ç%&“G³V“tå¥£FãT•6”ÄÖ¤…—GW3Ee%fµ7s#G§–5g6•2·5…£sÓÒ"À¢&7R#¢°¢&&ÓcB ¢ÒÀ¢&FWb#¢G'VRÀ¢&Æ–&2#¢°¢&×W6Â ¢ÒÀ¢&Æ–6Vç6R#¢$Ô•B"À¢&÷F–öæÂ#¢G'VRÀ¢&÷2#¢°¢&Æ–çW‚ ¢ÒÀ¢&Væv–æW2#¢°¢&æöFR#¢%ã#ã’ãÇÂãÓ#"ã"ã ¢Ð¢ÒÀ¢&æöFUöÖöGVÆW2ô&öÆÆF÷vâö&–æF–ærÖÆ–çW‚×3cBÖvçR#¢°¢'fW'6–öâ#¢#ã"ãB"À¢'&W6öÇfVB#¢&‡GG3¢ò÷&Vv—7G'’æçÖ§2æ÷&rô&öÆÆF÷vâö&–æF–ærÖÆ–çW‚×3cBÖvçRòÒö&–æF–ærÖÆ–çW‚×3cBÖvçRÓã"ãBçFw¢"À¢&–çFVw&—G’#¢'6†S"Ôv¦&¥„CE…†dã”CÅ¤æ&Ö”4%VôF•$75”‡#––&&ã†g5†¤…¦–f5—RõsTW#Uƒ%ƒ““v¤…„g'†&ãV6‡¤—F÷%ÓÒ"À¢&7R#¢°¢'3cB ¢ÒÀ¢&FWb#¢G'VRÀ¢&Æ–&2#¢°¢&vÆ–&2 ¢ÒÀ¢&Æ–6Vç6R#¢$Ô•B"À¢&÷F–öæÂ#¢G'VRÀ¢&÷2#¢°¢&Æ–çW‚ ¢ÒÀ¢&Væv–æW2#¢°¢&æöFR#¢%ã#ã’ãÇÂãÓ#"ã"ã ¢Ð¢ÒÀ¢&æöFUöÖöGVÆW2ô&öÆÆF÷vâö&–æF–ærÖÆ–çW‚×33“‚ÖvçR#¢°¢'fW'6–öâ#¢#ã"ãB"À¢'&W6öÇfVB#¢&‡GG3¢ò÷&Vv—7G'’æçÖ§2æ÷&rô&öÆÆF÷vâö&–æF–ærÖÆ–çW‚×33“‚ÖvçRòÒö&–æF–ærÖÆ–çW‚×33“‚ÖvçRÓã"ãBçFw¢"À¢&–çFVw&—G’#¢'6†S"×Uu#ä÷v&Ô¢ô##d–¤TdÄÆ—gtW6c5&D$–…&&…D5—6&ó%7d„‡sDTÄ"ò´fuæä#ƒ„ÅDôcƒgWÔ¦Ö'e¦E&ÇsÓÒ"À¢&7R#¢°¢'33“‚ ¢ÒÀ¢&FWb#¢G'VRÀ¢&Æ–&2#¢°¢&vÆ–&2 ¢ÒÀ¢&Æ–6Vç6R#¢$Ô•B"À¢&÷F–öæÂ#¢G'VRÀ¢&÷2#¢°¢&Æ–çW‚ ¢ÒÀ¢&Væv–æW2#¢°¢&æöFR#¢%ã#ã’ãÇÂãÓ#"ã"ã ¢Ð¢ÒÀ¢&æöFUöÖöGVÆW2ô&öÆÆF÷vâö&–æF–ærÖÆ–çW‚×ƒcBÖvçR#¢°¢'fW'6–öâ#¢#ã"ãB"À¢'&W6öÇfVB#¢&‡GG3¢ò÷&Vv—7G'’æçÖ§2æ÷&rô&öÆÆF÷vâö&–æF–ærÖÆ–çW‚×ƒcBÖvçRòÒö&–æF–ærÖÆ–çW‚×ƒcBÖvçRÓã"ãBçFw¢"À¢&–çFVw&—G’#¢'6†S"ÓBôw•f¦Ö…"µF3d„Ä§gv34ö…§G•6•4ÖW4õ§•ƒd¥U„'†õDDTÔµ§fótä”³fåFöâõ6—fÅ§f‡§gUd$å„ö%ÓÒ"À¢&7R#¢°¢'ƒcB ¢ÒÀ¢&FWb#¢G'VRÀ¢&Æ–&2#¢°¢&vÆ–&2 ¢ÒÀ¢&Æ–6Vç6R#¢$Ô•B"À¢&÷F–öæÂ#¢G'VRÀ¢&÷2#¢°¢&Æ–çW‚ ¢ÒÀ¢&Væv–æW2#¢°¢&æöFR#¢%ã#ã’ãÇÂãÓ#"ã"ã ¢Ð¢ÒÀ¢&æöFUöÖöGVÆW2ô&öÆÆF÷vâö&–æF–ærÖÆ–çW‚×ƒcBÖ×W6Â#¢°¢'fW'6–öâ#¢#ã"ãB"À¢'&W6öÇfVB#¢&‡GG3¢ò÷&Vv—7G'’æçÖ§2æ÷&rô&öÆÆF÷vâö&–æF–ærÖÆ–çW‚×ƒcBÖ×W6ÂòÒö&–æF–ærÖÆ–çW‚×ƒcBÖ×W6ÂÓã"ãBçFw¢"À¢&–çFVw&—G’#¢'6†S"ÖÃ–VTÇ44çeÕ5…VV£WGrô£Wc¦£CTr÷„se•F–¦ÔSfF·cdS%W¦uv%Fe³c7c“S$E&¤ô6ö—‡t's•UÓÒ"À¢&7R#¢°¢'ƒcB ¢ÒÀ¢&FWb#¢G'VRÀ¢&Æ–&2#¢°¢&×W6Â ¢ÒÀ¢&Æ–6Vç6R#¢$Ô•B"À¢&÷F–öæÂ#¢G'VRÀ¢&÷2#¢°¢&Æ–çW‚ ¢ÒÀ¢&Væv–æW2#¢°¢w÷^í¢G§²ÚîÆ­yØ": "^4.0.4"
      },
      "engines": {
        "node": ">=12.0.0"
      },
      "funding": {
        "url": "https://github.com/sponsors/SuperchupuDev"
      }
    },
    "node_modules/tinyrainbow": {
      "version": "3.1.1",
      "resolved": "https://registry.npmjs.org/tinyrainbow/-/tinyrainbow-3.1.1.tgz",
      "integrity": "sha512-yau8yJdTt989Mm0Bd/236QnzEiPf2xLLTqUZRUJOo/3CB078LSwzei343DgtJVmfJKJE3TMINY1u42SQsP6mXw==",
      "dev": true,
      "license": "MIT",
      "engines": {
        "node": ">=14.0.0"
      }
    },
    "node_modules/typescript": {
      "version": "7.0.2",
      "resolved": "https://registry.npmjs.org/typescript/-/typescript-7.0.2.tgz",
      "integrity": "sha512-8FYau96o3NKOhbjKi/qNvG/W5jhzxkbdm5sj9AbZ/5T5sWqn3hJgLfGx27sRKZWTvyzCP8dLRBTf5tBTSRVUNA==",
      "dev": true,
      "license": "Apache-2.0",
      "bin": {
        "tsc": "bin/tsc"
      },
      "engines": {
        "node": ">=16.20.0"
      },
      "optionalDependencies": {
        "@typescript/typescript-aix-ppc64": "7.0.2",
        "@typescript/typescript-darwin-arm64": "7.0.2",
        "@typescript/typescript-darwin-x64": "7.0.2",
        "@typescript/typescript-freebsd-arm64": "7.0.2",
        "@typescript/typescript-freebsd-x64": "7.0.2",
        "@typescript/typescript-linux-arm": "7.0.2",
        "@typescript/typescript-linux-arm64": "7.0.2",
        "@typescript/typescript-linux-loong64": "7.0.2",
        "@typescript/typescript-linux-mips64el": "7.0.2",
        "@typescript/typescript-linux-ppc64": "7.0.2",
        "@typescript/typescript-linux-riscv64": "7.0.2",
        "@typescript/typescript-linux-s390x": "7.0.2",
        "@typescript/typescript-linux-x64": "7.0.2",
        "@typescript/typescript-netbsd-arm64": "7.0.2",
        "@typescript/typescript-netbsd-x64": "7.0.2",
        "@typescript/typescript-openbsd-arm64": "7.0.2",
        "@typescript/typescript-openbsd-x64": "7.0.2",
        "@typescript/typescript-sunos-x64": "7.0.2",
        "@typescript/typescript-win32-arm64": "7.0.2",
        "@typescript/typescript-win32-x64": "7.0.2"
      }
    },
    "node_modules/undici-types": {
      "version": "8.3.0",
      "resolved": "https://registry.npmjs.org/undici-types/-/undici-types-8.3.0.tgz",
      "integrity": "sha512-j375ScV60dom+YkPFIfTLcOiPxkN/buHz5GobjLhixFuANaNs3C9l4GmrWqejgXWJ7BbJcFYpTEUkS1Ge8bpZQ==",
      "dev": true,
      "license": "MIT"
    },
    "node_modules/vite": {
      "version": "8.2.1",
      "resolved": "https://registry.npmjs.org/vite/-/vite-8.2.1.tgz",
      "integrity": "sha512-EU/eS7BH3XROHh2YnBefjM6DBKA6ZeMZEYQbj7NLWg5wHYlhB8B/Mayd5XsgWq+NFYccDOTemRpdETWR6Ka/lw==",
      "dev": true,
      "license": "MIT",
      "dependencies": {
        "lightningcss": "^1.33.0",
        "picomatch": "^4.0.5",
        "postcss": "^8.5.25",
        "rolldown": "~1.2.1",
        "tinyglobby": "^0.2.17"
      },
      "bin": {
        "vite": "bin/vite.js"
      },
      "engines": {
        "node": "^20.19.0 || >=22.12.0"
      },
      "funding": {
        "url": "https://github.com/vitejs/vite?sponsor=1"
      },
      "optionalDependencies": {
        "fsevents": "~2.3.3"
      },
      "peerDependencies": {
        "@types/node": "^20.19.0 || >=22.12.0",
        "@vitejs/devtools": "^0.4.0",
        "esbuild": "^0.27.0 || ^0.28.0",
        "jiti": ">=1.21.0",
        "less": "^4.0.0",
        "sass": "^1.70.0",
        "sass-embedded": "^1.70.0",
        "stylus": ">=0.54.8",
        "sugarss": "^5.0.0",
        "terser": "^5.16.0",
        "tsx": "^4.8.1",
        "yaml": "^2.4.2"
      },
      "peerDependenciesMeta": {
        "@types/node": {
          "optional": true
        },
        "@vitejs/devtools": {
          "optional": true
        },
        "esbuild": {
          "optional": true
        },
        "jiti": {
          "optional": true
        },
        "less": {
          "optional": true
        },
        "sass": {
          "optional": true
        },
        "sass-embedded": {
          "optional": true
        },
        "stylus": {
          "optional": true
        },
        "sugarss": {
          "optional": true
        },
        "terser": {
          "optional": true
        },
        "tsx": {
          "optional": true
        },
        "yaml": {
          "optional": true
        }
      }
    },
    "node_modules/vitest": {
      "version": "4.1.10",
      "resolved": "https://registry.npmjs.org/vitest/-/vitest-4.1.10.tgz",
      "integrity": "sha512-R9jUTe5S4Qb0HCd4TNqpC7oGcrMssMRGXLW80ubjWsW9VH5GF8y1Y0SFLY9AbqSk6nt0PnOx4H4WNJYZ13GUPw==",
      "dev": true,
      "license": "MIT",
      "dependencies": {
        "@vitest/expect": "4.1.10",
        "@vitest/mocker": "4.1.10",
        "@vitest/pretty-format": "4.1.10",
        "@vitest/runner": "4.1.10",
        "@vitest/snapshot": "4.1.10",
        "@vitest/spy": "4.1.10",
        "@vitest/utils": "4.1.10",
        "es-module-lexer": "^2.0.0",
        "expect-type": "^1.3.0",
        "magic-string": "^0.30.21",
        "obug": "^2.1.1",
        "pathe": "^2.0.3",
        "picomatch": "^4.0.3",
        "std-env": "^4.0.0-rc.1",
        "tinybench": "^2.9.0",
        "tinyexec": "^1.0.2",
        "tinyglobby": "^0.2.15",
        "tinyrainbow": "^3.1.0",
        "vite": "^6.0.0 || ^7.0.0 || ^8.0.0",
        "why-is-node-running": "^2.3.0"
      },
      "bin": {
        "vitest": "vitest.mjs"
      },
      "engines": {
        "node": "^20.0.0 || ^22.0.0 || >=24.0.0"
      },
      "funding": {
        "url": "https://opencollective.com/vitest"
      },
      "peerDependencies": {
        "@edge-runtime/vm": "*",
        "@opentelemetry/api": "^1.9.0",
        "@types/node": "^20.0.0 || ^22.0.0 || >=24.0.0",
        "@vitest/browser-playwright": "4.1.10",
        "@vitest/browser-preview": "4.1.10",
        "@vitest/browser-webdriverio": "4.1.10",
        "@vitest/coverage-istanbul": "4.1.10",
        "@vitest/coverage-v8": "4.1.10",
        "@vitest/ui": "4.1.10",
        "happy-dom": "*",
        "jsdom": "*",
        "vite": "^6.0.0 || ^7.0.0 || ^8.0.0"
      },
      "peerDependenciesMeta": {
        "@edge-runtime/vm": {
          "optional": true
        },
        "@opentelemetry/api": {
          "optional": true
        },
        "@types/node": {
          "optional": true
        },
        "@vitest/browser-playwright": {
          "optional": true
        },
        "@vitest/browser-preview": {
          "optional": true
        },
        "@vitest/browser-webdriverio": {
          "optional": true
        },
        "@vitest/coverage-istanbul": {
          "optional": true
        },
        "@vitest/coverage-v8": {
          "optional": true
        },
        "@vitest/ui": {
          "optional": true
        },
        "happy-dom": {
          "optional": true
        },
        "jsdom": {
          "optional": true
        },
        "vite": {
          "optional": false
        }
      }
    },
    "node_modules/why-is-node-running": {
      "version": "2.3.0",
      "resolved": "https://registry.npmjs.org/why-is-node-running/-/why-is-node-running-2.3.0.tgz",
      "integrity": "sha512-hUrmaWBdVDcxvYqnyh09zunKzROWjbZTiNy8dBEjkS7ehEDQibXJ7XvlmtbwuTclUiIyN+CyXQD4Vmko8fNm8w==",
      "dev": true,
      "license": "MIT",
      "dependencies": {
        "siginfo": "^2.0.0",
        "stackback": "0.0.2"
      },
      "bin": {
        "why-is-node-running": "cli.js"
      },
      "engines": {
        "node": ">=8"
      }
    }
  }
}
